// !$*UTF8*$!
{
	archiveVersion = 1;
	classes = {
	};
	objectVersion = 55;
	objects = {

/* Begin PBXBuildFile section */
		1400CC3A2C4D7BB200B6BD2F /* OptionallyDecodable in Frameworks */ = {isa = PBXBuildFile; productRef = 1400CC392C4D7BB200B6BD2F /* OptionallyDecodable */; };
		140534042C102E5A0082D12D /* Search.storyboard in Resources */ = {isa = PBXBuildFile; fileRef = 140534032C102E5A0082D12D /* Search.storyboard */; };
		140534292C12571F0082D12D /* RTRadioAPI.swift in Sources */ = {isa = PBXBuildFile; fileRef = 140534282C12571E0082D12D /* RTRadioAPI.swift */; };
		1405342B2C1597A70082D12D /* SearchViewController.swift in Sources */ = {isa = PBXBuildFile; fileRef = 1405342A2C1597A70082D12D /* SearchViewController.swift */; };
		1405342E2C15A2860082D12D /* RTAPIStation.swift in Sources */ = {isa = PBXBuildFile; fileRef = 1405342D2C15A2860082D12D /* RTAPIStation.swift */; };
		140534392C15D27A0082D12D /* RTSearchStationTableViewCell.swift in Sources */ = {isa = PBXBuildFile; fileRef = 140534372C15D27A0082D12D /* RTSearchStationTableViewCell.swift */; };
		1405343A2C15D27A0082D12D /* RTSearchStationTableViewCell.xib in Resources */ = {isa = PBXBuildFile; fileRef = 140534382C15D27A0082D12D /* RTSearchStationTableViewCell.xib */; };
		9904EB242C14E3B20069723E /* Lottie.framework in Frameworks */ = {isa = PBXBuildFile; fileRef = 9904EB232C14E3B20069723E /* Lottie.framework */; };
		991550A52C13EB4E00DC804A /* RTAnimationUtility.swift in Sources */ = {isa = PBXBuildFile; fileRef = 991550A42C13EB4E00DC804A /* RTAnimationUtility.swift */; };
		991550A92C144CC200DC804A /* wave.json in Resources */ = {isa = PBXBuildFile; fileRef = 991550A82C144CC200DC804A /* wave.json */; };
		99C4DAC72C180B4200499DFE /* RTLastPlayedStationManager.swift in Sources */ = {isa = PBXBuildFile; fileRef = 99C4DAC62C180B4200499DFE /* RTLastPlayedStationManager.swift */; };
		9A869AEB8912DA6447F9689F /* Pods_RadiantTune.framework in Frameworks */ = {isa = PBXBuildFile; fileRef = 1B71766D190BCB0FE2CE2DD2 /* Pods_RadiantTune.framework */; };
		AF7952282C1239F90093FE4A /* RTSleepTimerViewController.swift in Sources */ = {isa = PBXBuildFile; fileRef = AF7952272C1239F90093FE4A /* RTSleepTimerViewController.swift */; };
		BC1BF0ED2C259A7200FBB828 /* ManualViewMoel.swift in Sources */ = {isa = PBXBuildFile; fileRef = BC1BF0EC2C259A7200FBB828 /* ManualViewMoel.swift */; };
		BC1F9DA52C06257B009A074F /* RTAudioPlayer.swift in Sources */ = {isa = PBXBuildFile; fileRef = BC1F9DA42C06257B009A074F /* RTAudioPlayer.swift */; };
		BC1F9DA72C06B456009A074F /* RTPlayingViewController.swift in Sources */ = {isa = PBXBuildFile; fileRef = BC1F9DA62C06B456009A074F /* RTPlayingViewController.swift */; };
		BC1F9DA92C06B4BF009A074F /* RTStationModel.swift in Sources */ = {isa = PBXBuildFile; fileRef = BC1F9DA82C06B4BF009A074F /* RTStationModel.swift */; };
		BC1F9DAF2C0763B3009A074F /* RTPlayingViewController.storyboard in Resources */ = {isa = PBXBuildFile; fileRef = BC1F9DAE2C0763B3009A074F /* RTPlayingViewController.storyboard */; };
		BC67D9242C0A179800A4D092 /* RTPlayerWidgetView.swift in Sources */ = {isa = PBXBuildFile; fileRef = BC67D9232C0A179800A4D092 /* RTPlayerWidgetView.swift */; };
		BC67D9262C0A17A900A4D092 /* RTPlayerWidgetView.xib in Resources */ = {isa = PBXBuildFile; fileRef = BC67D9252C0A17A900A4D092 /* RTPlayerWidgetView.xib */; };
		BC67D9392C0A1CDB00A4D092 /* Localizable.strings in Resources */ = {isa = PBXBuildFile; fileRef = BC67D93B2C0A1CDB00A4D092 /* Localizable.strings */; };
		BC7FE0E92BF26C52005C0B4C /* RTHomeViewController.storyboard in Resources */ = {isa = PBXBuildFile; fileRef = BC7FE0E82BF26C52005C0B4C /* RTHomeViewController.storyboard */; };
		BC7FE0EF2BF26C86005C0B4C /* RTSettingViewController.storyboard in Resources */ = {isa = PBXBuildFile; fileRef = BC7FE0EE2BF26C86005C0B4C /* RTSettingViewController.storyboard */; };
		BC7FE0F62BF28000005C0B4C /* RTUtils.swift in Sources */ = {isa = PBXBuildFile; fileRef = BC7FE0F52BF28000005C0B4C /* RTUtils.swift */; };
		BC8326CC2BF2B29D003C30D6 /* RTHomeCollectionViewCell.swift in Sources */ = {isa = PBXBuildFile; fileRef = BC8326CA2BF2B29D003C30D6 /* RTHomeCollectionViewCell.swift */; };
		BC8326CD2BF2B29D003C30D6 /* RTHomeCollectionViewCell.xib in Resources */ = {isa = PBXBuildFile; fileRef = BC8326CB2BF2B29D003C30D6 /* RTHomeCollectionViewCell.xib */; };
		BCB5E13A2BF039D200C7ADB7 /* AppDelegate.swift in Sources */ = {isa = PBXBuildFile; fileRef = BCB5E1392BF039D200C7ADB7 /* AppDelegate.swift */; };
		BCB5E13C2BF039D200C7ADB7 /* SceneDelegate.swift in Sources */ = {isa = PBXBuildFile; fileRef = BCB5E13B2BF039D200C7ADB7 /* SceneDelegate.swift */; };
		BCB5E1412BF039D200C7ADB7 /* Main.storyboard in Resources */ = {isa = PBXBuildFile; fileRef = BCB5E13F2BF039D200C7ADB7 /* Main.storyboard */; };
		BCB5E1432BF039D500C7ADB7 /* Assets.xcassets in Resources */ = {isa = PBXBuildFile; fileRef = BCB5E1422BF039D500C7ADB7 /* Assets.xcassets */; };
		BCB5E1462BF039D500C7ADB7 /* LaunchScreen.storyboard in Resources */ = {isa = PBXBuildFile; fileRef = BCB5E1442BF039D500C7ADB7 /* LaunchScreen.storyboard */; };
		BCB5E1592BF03E2B00C7ADB7 /* RTTabbarController.swift in Sources */ = {isa = PBXBuildFile; fileRef = BCB5E1582BF03E2B00C7ADB7 /* RTTabbarController.swift */; };
		BCB5E15B2BF03E5400C7ADB7 /* RTBaseViewController.swift in Sources */ = {isa = PBXBuildFile; fileRef = BCB5E15A2BF03E5400C7ADB7 /* RTBaseViewController.swift */; };
		BCB5E15D2BF03E8300C7ADB7 /* RTHomeViewController.swift in Sources */ = {isa = PBXBuildFile; fileRef = BCB5E15C2BF03E8300C7ADB7 /* RTHomeViewController.swift */; };
		BCB5E1612BF03EAB00C7ADB7 /* RTSettingViewController.swift in Sources */ = {isa = PBXBuildFile; fileRef = BCB5E1602BF03EAB00C7ADB7 /* RTSettingViewController.swift */; };
		BCB5E1632BF059B800C7ADB7 /* RTBaseNavigationViewController.swift in Sources */ = {isa = PBXBuildFile; fileRef = BCB5E1622BF059B800C7ADB7 /* RTBaseNavigationViewController.swift */; };
		BCCA70662C1D80AD003989E1 /* RTAddStationView.swift in Sources */ = {isa = PBXBuildFile; fileRef = BCCA70652C1D80AD003989E1 /* RTAddStationView.swift */; };
		BCCA706A2C1D8B4C003989E1 /* RTAddStationController.swift in Sources */ = {isa = PBXBuildFile; fileRef = BCCA70692C1D8B4C003989E1 /* RTAddStationController.swift */; };
		BCE6132A2C4C9D01002BB285 /* TextFieldWithClearButton.swift in Sources */ = {isa = PBXBuildFile; fileRef = BCE613292C4C9D01002BB285 /* TextFieldWithClearButton.swift */; };
		FA4042602C0EBA4200B43F72 /* RTFavoriteViewController.swift in Sources */ = {isa = PBXBuildFile; fileRef = FA40425E2C0EBA4200B43F72 /* RTFavoriteViewController.swift */; };
		FA4042612C0EBA4200B43F72 /* RTFavoriteViewController.storyboard in Resources */ = {isa = PBXBuildFile; fileRef = FA40425F2C0EBA4200B43F72 /* RTFavoriteViewController.storyboard */; };
		FA4042632C0EBA5500B43F72 /* RTFavoriteStationCell.swift in Sources */ = {isa = PBXBuildFile; fileRef = FA4042622C0EBA5500B43F72 /* RTFavoriteStationCell.swift */; };
		FA4042672C0EBA8100B43F72 /* RTDatabaseManager.swift in Sources */ = {isa = PBXBuildFile; fileRef = FA4042662C0EBA8100B43F72 /* RTDatabaseManager.swift */; };
/* End PBXBuildFile section */

/* Begin PBXFileReference section */
		140534032C102E5A0082D12D /* Search.storyboard */ = {isa = PBXFileReference; lastKnownFileType = file.storyboard; path = Search.storyboard; sourceTree = "<group>"; };
		140534282C12571E0082D12D /* RTRadioAPI.swift */ = {isa = PBXFileReference; lastKnownFileType = sourcecode.swift; path = RTRadioAPI.swift; sourceTree = "<group>"; };
		1405342A2C1597A70082D12D /* SearchViewController.swift */ = {isa = PBXFileReference; lastKnownFileType = sourcecode.swift; path = SearchViewController.swift; sourceTree = "<group>"; };
		1405342D2C15A2860082D12D /* RTAPIStation.swift */ = {isa = PBXFileReference; lastKnownFileType = sourcecode.swift; path = RTAPIStation.swift; sourceTree = "<group>"; };
		140534372C15D27A0082D12D /* RTSearchStationTableViewCell.swift */ = {isa = PBXFileReference; lastKnownFileType = sourcecode.swift; path = RTSearchStationTableViewCell.swift; sourceTree = "<group>"; };
		140534382C15D27A0082D12D /* RTSearchStationTableViewCell.xib */ = {isa = PBXFileReference; lastKnownFileType = file.xib; path = RTSearchStationTableViewCell.xib; sourceTree = "<group>"; };
		1B71766D190BCB0FE2CE2DD2 /* Pods_RadiantTune.framework */ = {isa = PBXFileReference; explicitFileType = wrapper.framework; includeInIndex = 0; path = Pods_RadiantTune.framework; sourceTree = BUILT_PRODUCTS_DIR; };
		97BC21A0D1E43FD086E5084C /* Pods-RadiantTune.debug.xcconfig */ = {isa = PBXFileReference; includeInIndex = 1; lastKnownFileType = text.xcconfig; name = "Pods-RadiantTune.debug.xcconfig"; path = "Target Support Files/Pods-RadiantTune/Pods-RadiantTune.debug.xcconfig"; sourceTree = "<group>"; };
		9904EB232C14E3B20069723E /* Lottie.framework */ = {isa = PBXFileReference; explicitFileType = wrapper.framework; path = Lottie.framework; sourceTree = BUILT_PRODUCTS_DIR; };
		991550A42C13EB4E00DC804A /* RTAnimationUtility.swift */ = {isa = PBXFileReference; lastKnownFileType = sourcecode.swift; path = RTAnimationUtility.swift; sourceTree = "<group>"; };
		991550A82C144CC200DC804A /* wave.json */ = {isa = PBXFileReference; fileEncoding = 4; lastKnownFileType = text.json; path = wave.json; sourceTree = "<group>"; };
		99C4DAC62C180B4200499DFE /* RTLastPlayedStationManager.swift */ = {isa = PBXFileReference; lastKnownFileType = sourcecode.swift; path = RTLastPlayedStationManager.swift; sourceTree = "<group>"; };
		AF7952272C1239F90093FE4A /* RTSleepTimerViewController.swift */ = {isa = PBXFileReference; lastKnownFileType = sourcecode.swift; path = RTSleepTimerViewController.swift; sourceTree = "<group>"; };
		AFCB1C3D86C2AFC9B30862EF /* Pods-RadiantTune.release.xcconfig */ = {isa = PBXFileReference; includeInIndex = 1; lastKnownFileType = text.xcconfig; name = "Pods-RadiantTune.release.xcconfig"; path = "Target Support Files/Pods-RadiantTune/Pods-RadiantTune.release.xcconfig"; sourceTree = "<group>"; };
		BC1BF0EC2C259A7200FBB828 /* ManualViewMoel.swift */ = {isa = PBXFileReference; lastKnownFileType = sourcecode.swift; path = ManualViewMoel.swift; sourceTree = "<group>"; };
		BC1F9DA42C06257B009A074F /* RTAudioPlayer.swift */ = {isa = PBXFileReference; lastKnownFileType = sourcecode.swift; path = RTAudioPlayer.swift; sourceTree = "<group>"; };
		BC1F9DA62C06B456009A074F /* RTPlayingViewController.swift */ = {isa = PBXFileReference; lastKnownFileType = sourcecode.swift; path = RTPlayingViewController.swift; sourceTree = "<group>"; };
		BC1F9DA82C06B4BF009A074F /* RTStationModel.swift */ = {isa = PBXFileReference; lastKnownFileType = sourcecode.swift; name = RTStationModel.swift; path = RadiantTune/Viewcontrollers/Home/Controller/RTStationModel.swift; sourceTree = SOURCE_ROOT; };
		BC1F9DAA2C06D026009A074F /* RadiantTune-Bridging-Header.h */ = {isa = PBXFileReference; lastKnownFileType = sourcecode.c.h; path = "RadiantTune-Bridging-Header.h"; sourceTree = "<group>"; };
		BC1F9DAE2C0763B3009A074F /* RTPlayingViewController.storyboard */ = {isa = PBXFileReference; lastKnownFileType = file.storyboard; path = RTPlayingViewController.storyboard; sourceTree = "<group>"; };
		BC67D9232C0A179800A4D092 /* RTPlayerWidgetView.swift */ = {isa = PBXFileReference; lastKnownFileType = sourcecode.swift; path = RTPlayerWidgetView.swift; sourceTree = "<group>"; };
		BC67D9252C0A17A900A4D092 /* RTPlayerWidgetView.xib */ = {isa = PBXFileReference; lastKnownFileType = file.xib; path = RTPlayerWidgetView.xib; sourceTree = "<group>"; };
		BC67D9332C0A1C8400A4D092 /* zh-Hans */ = {isa = PBXFileReference; lastKnownFileType = text.plist.strings; name = "zh-Hans"; path = "zh-Hans.lproj/Main.strings"; sourceTree = "<group>"; };
		BC67D9342C0A1C8500A4D092 /* zh-Hans */ = {isa = PBXFileReference; lastKnownFileType = text.plist.strings; name = "zh-Hans"; path = "zh-Hans.lproj/LaunchScreen.strings"; sourceTree = "<group>"; };
		BC67D9352C0A1C8E00A4D092 /* fr */ = {isa = PBXFileReference; lastKnownFileType = text.plist.strings; name = fr; path = fr.lproj/Main.strings; sourceTree = "<group>"; };
		BC67D9362C0A1C8E00A4D092 /* fr */ = {isa = PBXFileReference; lastKnownFileType = text.plist.strings; name = fr; path = fr.lproj/LaunchScreen.strings; sourceTree = "<group>"; };
		BC67D93A2C0A1CDB00A4D092 /* en */ = {isa = PBXFileReference; lastKnownFileType = text.plist.strings; name = en; path = en.lproj/Localizable.strings; sourceTree = "<group>"; };
		BC67D93C2C0A1D2B00A4D092 /* zh-Hans */ = {isa = PBXFileReference; lastKnownFileType = text.plist.strings; name = "zh-Hans"; path = "zh-Hans.lproj/Localizable.strings"; sourceTree = "<group>"; };
		BC67D93D2C0A1D4C00A4D092 /* fr */ = {isa = PBXFileReference; lastKnownFileType = text.plist.strings; name = fr; path = fr.lproj/Localizable.strings; sourceTree = "<group>"; };
		BC7FE0E82BF26C52005C0B4C /* RTHomeViewController.storyboard */ = {isa = PBXFileReference; lastKnownFileType = file.storyboard; path = RTHomeViewController.storyboard; sourceTree = "<group>"; };
		BC7FE0EE2BF26C86005C0B4C /* RTSettingViewController.storyboard */ = {isa = PBXFileReference; lastKnownFileType = file.storyboard; path = RTSettingViewController.storyboard; sourceTree = "<group>"; };
		BC7FE0F52BF28000005C0B4C /* RTUtils.swift */ = {isa = PBXFileReference; lastKnownFileType = sourcecode.swift; path = RTUtils.swift; sourceTree = "<group>"; };
		BC8326CA2BF2B29D003C30D6 /* RTHomeCollectionViewCell.swift */ = {isa = PBXFileReference; fileEncoding = 4; lastKnownFileType = sourcecode.swift; path = RTHomeCollectionViewCell.swift; sourceTree = "<group>"; };
		BC8326CB2BF2B29D003C30D6 /* RTHomeCollectionViewCell.xib */ = {isa = PBXFileReference; fileEncoding = 4; lastKnownFileType = file.xib; path = RTHomeCollectionViewCell.xib; sourceTree = "<group>"; };
		BCB5E1362BF039D200C7ADB7 /* RadiantTune.app */ = {isa = PBXFileReference; explicitFileType = wrapper.application; includeInIndex = 0; path = RadiantTune.app; sourceTree = BUILT_PRODUCTS_DIR; };
		BCB5E1392BF039D200C7ADB7 /* AppDelegate.swift */ = {isa = PBXFileReference; lastKnownFileType = sourcecode.swift; path = AppDelegate.swift; sourceTree = "<group>"; };
		BCB5E13B2BF039D200C7ADB7 /* SceneDelegate.swift */ = {isa = PBXFileReference; lastKnownFileType = sourcecode.swift; path = SceneDelegate.swift; sourceTree = "<group>"; };
		BCB5E1402BF039D200C7ADB7 /* Base */ = {isa = PBXFileReference; lastKnownFileType = file.storyboard; name = Base; path = Base.lproj/Main.storyboard; sourceTree = "<group>"; };
		BCB5E1422BF039D500C7ADB7 /* Assets.xcassets */ = {isa = PBXFileReference; lastKnownFileType = folder.assetcatalog; path = Assets.xcassets; sourceTree = "<group>"; };
		BCB5E1452BF039D500C7ADB7 /* Base */ = {isa = PBXFileReference; lastKnownFileType = file.storyboard; name = Base; path = Base.lproj/LaunchScreen.storyboard; sourceTree = "<group>"; };
		BCB5E1472BF039D500C7ADB7 /* Info.plist */ = {isa = PBXFileReference; lastKnownFileType = text.plist.xml; path = Info.plist; sourceTree = "<group>"; };
		BCB5E1582BF03E2B00C7ADB7 /* RTTabbarController.swift */ = {isa = PBXFileReference; lastKnownFileType = sourcecode.swift; path = RTTabbarController.swift; sourceTree = "<group>"; };
		BCB5E15A2BF03E5400C7ADB7 /* RTBaseViewController.swift */ = {isa = PBXFileReference; lastKnownFileType = sourcecode.swift; path = RTBaseViewController.swift; sourceTree = "<group>"; };
		BCB5E15C2BF03E8300C7ADB7 /* RTHomeViewController.swift */ = {isa = PBXFileReference; lastKnownFileType = sourcecode.swift; path = RTHomeViewController.swift; sourceTree = "<group>"; };
		BCB5E1602BF03EAB00C7ADB7 /* RTSettingViewController.swift */ = {isa = PBXFileReference; lastKnownFileType = sourcecode.swift; path = RTSettingViewController.swift; sourceTree = "<group>"; };
		BCB5E1622BF059B800C7ADB7 /* RTBaseNavigationViewController.swift */ = {isa = PBXFileReference; lastKnownFileType = sourcecode.swift; path = RTBaseNavigationViewController.swift; sourceTree = "<group>"; };
		BCCA70652C1D80AD003989E1 /* RTAddStationView.swift */ = {isa = PBXFileReference; lastKnownFileType = sourcecode.swift; path = RTAddStationView.swift; sourceTree = "<group>"; };
		BCCA70692C1D8B4C003989E1 /* RTAddStationController.swift */ = {isa = PBXFileReference; lastKnownFileType = sourcecode.swift; path = RTAddStationController.swift; sourceTree = "<group>"; };
		BCE613292C4C9D01002BB285 /* TextFieldWithClearButton.swift */ = {isa = PBXFileReference; lastKnownFileType = sourcecode.swift; name = TextFieldWithClearButton.swift; path = RadiantTune/Viewcontrollers/Setting/SwiftUI/TextFieldWithClearButton.swift; sourceTree = SOURCE_ROOT; };
		FA40425E2C0EBA4200B43F72 /* RTFavoriteViewController.swift */ = {isa = PBXFileReference; fileEncoding = 4; lastKnownFileType = sourcecode.swift; path = RTFavoriteViewController.swift; sourceTree = "<group>"; };
		FA40425F2C0EBA4200B43F72 /* RTFavoriteViewController.storyboard */ = {isa = PBXFileReference; fileEncoding = 4; lastKnownFileType = file.storyboard; path = RTFavoriteViewController.storyboard; sourceTree = "<group>"; };
		FA4042622C0EBA5500B43F72 /* RTFavoriteStationCell.swift */ = {isa = PBXFileReference; fileEncoding = 4; lastKnownFileType = sourcecode.swift; path = RTFavoriteStationCell.swift; sourceTree = "<group>"; };
		FA4042662C0EBA8100B43F72 /* RTDatabaseManager.swift */ = {isa = PBXFileReference; fileEncoding = 4; lastKnownFileType = sourcecode.swift; path = RTDatabaseManager.swift; sourceTree = "<group>"; };
/* End PBXFileReference section */

/* Begin PBXFrameworksBuildPhase section */
		BCB5E1332BF039D200C7ADB7 /* Frameworks */ = {
			isa = PBXFrameworksBuildPhase;
			buildActionMask = 2147483647;
			files = (
				9904EB242C14E3B20069723E /* Lottie.framework in Frameworks */,
				9A869AEB8912DA6447F9689F /* Pods_RadiantTune.framework in Frameworks */,
				1400CC3A2C4D7BB200B6BD2F /* OptionallyDecodable in Frameworks */,
			);
			runOnlyForDeploymentPostprocessing = 0;
		};
/* End PBXFrameworksBuildPhase section */

/* Begin PBXGroup section */
		135AAD4B2421F25E1A6B427F /* Frameworks */ = {
			isa = PBXGroup;
			children = (
				1B71766D190BCB0FE2CE2DD2 /* Pods_RadiantTune.framework */,
			);
			name = Frameworks;
			sourceTree = "<group>";
		};
		140533FF2C102DCD0082D12D /* Search */ = {
			isa = PBXGroup;
			children = (
				1405342C2C15A26E0082D12D /* Model */,
				140534252C10E5D40082D12D /* View */,
				140534022C102E0B0082D12D /* ViewController */,
			);
			path = Search;
			sourceTree = "<group>";
		};
		140534022C102E0B0082D12D /* ViewController */ = {
			isa = PBXGroup;
			children = (
				1405342A2C1597A70082D12D /* SearchViewController.swift */,
			);
			path = ViewController;
			sourceTree = "<group>";
		};
		140534252C10E5D40082D12D /* View */ = {
			isa = PBXGroup;
			children = (
				140534372C15D27A0082D12D /* RTSearchStationTableViewCell.swift */,
				140534382C15D27A0082D12D /* RTSearchStationTableViewCell.xib */,
				140534032C102E5A0082D12D /* Search.storyboard */,
			);
			path = View;
			sourceTree = "<group>";
		};
		1405342C2C15A26E0082D12D /* Model */ = {
			isa = PBXGroup;
			children = (
				1405342D2C15A2860082D12D /* RTAPIStation.swift */,
			);
			path = Model;
			sourceTree = "<group>";
		};
		8BF55B6E5A46271A5F4E07FE /* Pods */ = {
			isa = PBXGroup;
			children = (
				97BC21A0D1E43FD086E5084C /* Pods-RadiantTune.debug.xcconfig */,
				AFCB1C3D86C2AFC9B30862EF /* Pods-RadiantTune.release.xcconfig */,
			);
			path = Pods;
			sourceTree = "<group>";
		};
		99C4DAC52C17855300499DFE /* Recovered References */ = {
			isa = PBXGroup;
			children = (
				9904EB232C14E3B20069723E /* Lottie.framework */,
			);
			name = "Recovered References";
			sourceTree = "<group>";
		};
		BC7FE0E72BF26C35005C0B4C /* Home */ = {
			isa = PBXGroup;
			children = (
				BC8326C62BF2B221003C30D6 /* Controller */,
				BC8326C52BF2B21D003C30D6 /* View */,
				BC8326C42BF2B217003C30D6 /* Model */,
			);
			path = Home;
			sourceTree = "<group>";
		};
		BC7FE0EA2BF26C57005C0B4C /* Favorite */ = {
			isa = PBXGroup;
			children = (
				BC8326C92BF2B256003C30D6 /* Controller */,
				BC8326C82BF2B252003C30D6 /* View */,
				BC8326C72BF2B24C003C30D6 /* Model */,
			);
			path = Favorite;
			sourceTree = "<group>";
		};
		BC7FE0ED2BF26C76005C0B4C /* Setting */ = {
			isa = PBXGroup;
			children = (
				BCCA70642C1D8087003989E1 /* SwiftUI */,
				BC8326C02BF2AC2B003C30D6 /* View */,
				BC8326BF2BF2AC26003C30D6 /* Model */,
				BC8326BE2BF2AC1C003C30D6 /* ViewController */,
			);
			path = Setting;
			sourceTree = "<group>";
		};
		BC8326BE2BF2AC1C003C30D6 /* ViewController */ = {
			isa = PBXGroup;
			children = (
				BCB5E1602BF03EAB00C7ADB7 /* RTSettingViewController.swift */,
				BC7FE0EE2BF26C86005C0B4C /* RTSettingViewController.storyboard */,
				AF7952272C1239F90093FE4A /* RTSleepTimerViewController.swift */,
				BCCA70692C1D8B4C003989E1 /* RTAddStationController.swift */,
			);
			path = ViewController;
			sourceTree = "<group>";
		};
		BC8326BF2BF2AC26003C30D6 /* Model */ = {
			isa = PBXGroup;
			children = (
			);
			path = Model;
			sourceTree = "<group>";
		};
		BC8326C02BF2AC2B003C30D6 /* View */ = {
			isa = PBXGroup;
			children = (
				BCE613292C4C9D01002BB285 /* TextFieldWithClearButton.swift */,
			);
			path = View;
			sourceTree = "<group>";
		};
		BC8326C42BF2B217003C30D6 /* Model */ = {
			isa = PBXGroup;
			children = (
				BC1F9DA82C06B4BF009A074F /* RTStationModel.swift */,
			);
			path = Model;
			sourceTree = "<group>";
		};
		BC8326C52BF2B21D003C30D6 /* View */ = {
			isa = PBXGroup;
			children = (
				BC8326CA2BF2B29D003C30D6 /* RTHomeCollectionViewCell.swift */,
				BC8326CB2BF2B29D003C30D6 /* RTHomeCollectionViewCell.xib */,
				BC67D9232C0A179800A4D092 /* RTPlayerWidgetView.swift */,
				BC67D9252C0A17A900A4D092 /* RTPlayerWidgetView.xib */,
			);
			path = View;
			sourceTree = "<group>";
		};
		BC8326C62BF2B221003C30D6 /* Controller */ = {
			isa = PBXGroup;
			children = (
				BCB5E15C2BF03E8300C7ADB7 /* RTHomeViewController.swift */,
				BC7FE0E82BF26C52005C0B4C /* RTHomeViewController.storyboard */,
				BC1F9DA62C06B456009A074F /* RTPlayingViewController.swift */,
				BC1F9DAE2C0763B3009A074F /* RTPlayingViewController.storyboard */,
			);
			path = Controller;
			sourceTree = "<group>";
		};
		BC8326C72BF2B24C003C30D6 /* Model */ = {
			isa = PBXGroup;
			children = (
			);
			path = Model;
			sourceTree = "<group>";
		};
		BC8326C82BF2B252003C30D6 /* View */ = {
			isa = PBXGroup;
			children = (
				FA4042622C0EBA5500B43F72 /* RTFavoriteStationCell.swift */,
			);
			path = View;
			sourceTree = "<group>";
		};
		BC8326C92BF2B256003C30D6 /* Controller */ = {
			isa = PBXGroup;
			children = (
				FA40425F2C0EBA4200B43F72 /* RTFavoriteViewController.storyboard */,
				FA40425E2C0EBA4200B43F72 /* RTFavoriteViewController.swift */,
			);
			path = Controller;
			sourceTree = "<group>";
		};
		BCB5E12D2BF039D200C7ADB7 = {
			isa = PBXGroup;
			children = (
				BCB5E1382BF039D200C7ADB7 /* RadiantTune */,
				BCB5E1372BF039D200C7ADB7 /* Products */,
				8BF55B6E5A46271A5F4E07FE /* Pods */,
				BCCA70632C1D768F003989E1 /* Recovered References */,
				99C4DAC52C17855300499DFE /* Recovered References */,
				135AAD4B2421F25E1A6B427F /* Frameworks */,
			);
			sourceTree = "<group>";
		};
		BCB5E1372BF039D200C7ADB7 /* Products */ = {
			isa = PBXGroup;
			children = (
				BCB5E1362BF039D200C7ADB7 /* RadiantTune.app */,
			);
			name = Products;
			sourceTree = "<group>";
		};
		BCB5E1382BF039D200C7ADB7 /* RadiantTune */ = {
			isa = PBXGroup;
			children = (
				BCB5E1522BF03B3D00C7ADB7 /* Base */,
				BCB5E1512BF03B3100C7ADB7 /* Others */,
				BCB5E1502BF03B1400C7ADB7 /* Utils */,
				BCB5E14D2BF03AF000C7ADB7 /* Viewcontrollers */,
				BCB5E13F2BF039D200C7ADB7 /* Main.storyboard */,
				BCB5E1422BF039D500C7ADB7 /* Assets.xcassets */,
				991550A82C144CC200DC804A /* wave.json */,
				BCB5E1442BF039D500C7ADB7 /* LaunchScreen.storyboard */,
				BCB5E1472BF039D500C7ADB7 /* Info.plist */,
			);
			path = RadiantTune;
			sourceTree = "<group>";
		};
		BCB5E14D2BF03AF000C7ADB7 /* Viewcontrollers */ = {
			isa = PBXGroup;
			children = (
				140533FF2C102DCD0082D12D /* Search */,
				BC7FE0ED2BF26C76005C0B4C /* Setting */,
				BC7FE0EA2BF26C57005C0B4C /* Favorite */,
				BC7FE0E72BF26C35005C0B4C /* Home */,
			);
			path = Viewcontrollers;
			sourceTree = "<group>";
		};
		BCB5E1502BF03B1400C7ADB7 /* Utils */ = {
			isa = PBXGroup;
			children = (
				FA4042662C0EBA8100B43F72 /* RTDatabaseManager.swift */,
				BC7FE0F52BF28000005C0B4C /* RTUtils.swift */,
				BC1F9DA42C06257B009A074F /* RTAudioPlayer.swift */,
				BC1F9DAA2C06D026009A074F /* RadiantTune-Bridging-Header.h */,
				991550A42C13EB4E00DC804A /* RTAnimationUtility.swift */,
				140534282C12571E0082D12D /* RTRadioAPI.swift */,
				99C4DAC62C180B4200499DFE /* RTLastPlayedStationManager.swift */,
			);
			path = Utils;
			sourceTree = "<group>";
		};
		BCB5E1512BF03B3100C7ADB7 /* Others */ = {
			isa = PBXGroup;
			children = (
				BCB5E1392BF039D200C7ADB7 /* AppDelegate.swift */,
				BCB5E13B2BF039D200C7ADB7 /* SceneDelegate.swift */,
				BC67D93B2C0A1CDB00A4D092 /* Localizable.strings */,
			);
			path = Others;
			sourceTree = "<group>";
		};
		BCB5E1522BF03B3D00C7ADB7 /* Base */ = {
			isa = PBXGroup;
			children = (
				BCB5E1582BF03E2B00C7ADB7 /* RTTabbarController.swift */,
				BCB5E15A2BF03E5400C7ADB7 /* RTBaseViewController.swift */,
				BCB5E1622BF059B800C7ADB7 /* RTBaseNavigationViewController.swift */,
			);
			path = Base;
			sourceTree = "<group>";
		};
		BCCA70632C1D768F003989E1 /* Recovered References */ = {
			isa = PBXGroup;
			children = (
			);
			name = "Recovered References";
			sourceTree = "<group>";
		};
		BCCA70642C1D8087003989E1 /* SwiftUI */ = {
			isa = PBXGroup;
			children = (
				BCCA70652C1D80AD003989E1 /* RTAddStationView.swift */,
				BC1BF0EC2C259A7200FBB828 /* ManualViewMoel.swift */,
			);
			path = SwiftUI;
			sourceTree = "<group>";
		};
/* End PBXGroup section */

/* Begin PBXNativeTarget section */
		BCB5E1352BF039D200C7ADB7 /* RadiantTune */ = {
			isa = PBXNativeTarget;
			buildConfigurationList = BCB5E14A2BF039D500C7ADB7 /* Build configuration list for PBXNativeTarget "RadiantTune" */;
			buildPhases = (
				5037808663A1C2027E00765A /* [CP] Check Pods Manifest.lock */,
				BCB5E1322BF039D200C7ADB7 /* Sources */,
				BCB5E1332BF039D200C7ADB7 /* Frameworks */,
				BCB5E1342BF039D200C7ADB7 /* Resources */,
				1BD134C74BC310328EDE3471 /* [CP] Embed Pods Frameworks */,
			);
			buildRules = (
			);
			dependencies = (
			);
			name = RadiantTune;
			packageProductDependencies = (
				1400CC392C4D7BB200B6BD2F /* OptionallyDecodable */,
			);
			productName = RadiantTune;
			productReference = BCB5E1362BF039D200C7ADB7 /* RadiantTune.app */;
			productType = "com.apple.product-type.application";
		};
/* End PBXNativeTarget section */

/* Begin PBXProject section */
		BCB5E12E2BF039D200C7ADB7 /* Project object */ = {
			isa = PBXProject;
			attributes = {
				BuildIndependentTargetsInParallel = 1;
				LastSwiftUpdateCheck = 1520;
				LastUpgradeCheck = 1520;
				TargetAttributes = {
					BCB5E1352BF039D200C7ADB7 = {
						CreatedOnToolsVersion = 15.2;
						LastSwiftMigration = 1520;
					};
				};
			};
			buildConfigurationList = BCB5E1312BF039D200C7ADB7 /* Build configuration list for PBXProject "RadiantTune" */;
			compatibilityVersion = "Xcode 13.0";
			developmentRegion = en;
			hasScannedForEncodings = 0;
			knownRegions = (
				en,
				Base,
				"zh-Hans",
				fr,
			);
			mainGroup = BCB5E12D2BF039D200C7ADB7;
			packageReferences = (
				1400CC382C4D7BB200B6BD2F /* XCRemoteSwiftPackageReference "OptionallyDecodable" */,
			);
			productRefGroup = BCB5E1372BF039D200C7ADB7 /* Products */;
			projectDirPath = "";
			projectRoot = "";
			targets = (
				BCB5E1352BF039D200C7ADB7 /* RadiantTune */,
			);
		};
/* End PBXProject section */

/* Begin PBXResourcesBuildPhase section */
		BCB5E1342BF039D200C7ADB7 /* Resources */ = {
			isa = PBXResourcesBuildPhase;
			buildActionMask = 2147483647;
			files = (
				BC7FE0E92BF26C52005C0B4C /* RTHomeViewController.storyboard in Resources */,
				BC8326CD2BF2B29D003C30D6 /* RTHomeCollectionViewCell.xib in Resources */,
				BC1F9DAF2C0763B3009A074F /* RTPlayingViewController.storyboard in Resources */,
				BCB5E1462BF039D500C7ADB7 /* LaunchScreen.storyboard in Resources */,
				BC67D9262C0A17A900A4D092 /* RTPlayerWidgetView.xib in Resources */,
				BC67D9392C0A1CDB00A4D092 /* Localizable.strings in Resources */,
				140534042C102E5A0082D12D /* Search.storyboard in Resources */,
				BCB5E1432BF039D500C7ADB7 /* Assets.xcassets in Resources */,
				FA4042612C0EBA4200B43F72 /* RTFavoriteViewController.storyboard in Resources */,
				991550A92C144CC200DC804A /* wave.json in Resources */,
				BC7FE0EF2BF26C86005C0B4C /* RTSettingViewController.storyboard in Resources */,
				BCB5E1412BF039D200C7ADB7 /* Main.storyboard in Resources */,
				1405343A2C15D27A0082D12D /* RTSearchStationTableViewCell.xib in Resources */,
			);
			runOnlyForDeploymentPostprocessing = 0;
		};
/* End PBXResourcesBuildPhase section */

/* Begin PBXShellScriptBuildPhase section */
		1BD134C74BC310328EDE3471 /* [CP] Embed Pods Frameworks */ = {
			isa = PBXShellScriptBuildPhase;
			buildActionMask = 2147483647;
			files = (
			);
			inputFileListPaths = (
				"${PODS_ROOT}/Target Support Files/Pods-RadiantTune/Pods-RadiantTune-frameworks-${CONFIGURATION}-input-files.xcfilelist",
			);
			name = "[CP] Embed Pods Frameworks";
			outputFileListPaths = (
				"${PODS_ROOT}/Target Support Files/Pods-RadiantTune/Pods-RadiantTune-frameworks-${CONFIGURATION}-output-files.xcfilelist",
			);
			runOnlyForDeploymentPostprocessing = 0;
			shellPath = /bin/sh;
			shellScript = "\"${PODS_ROOT}/Target Support Files/Pods-RadiantTune/Pods-RadiantTune-frameworks.sh\"\n";
			showEnvVarsInLog = 0;
		};
		5037808663A1C2027E00765A /* [CP] Check Pods Manifest.lock */ = {
			isa = PBXShellScriptBuildPhase;
			buildActionMask = 2147483647;
			files = (
			);
			inputFileListPaths = (
			);
			inputPaths = (
				"${PODS_PODFILE_DIR_PATH}/Podfile.lock",
				"${PODS_ROOT}/Manifest.lock",
			);
			name = "[CP] Check Pods Manifest.lock";
			outputFileListPaths = (
			);
			outputPaths = (
				"$(DERIVED_FILE_DIR)/Pods-RadiantTune-checkManifestLockResult.txt",
			);
			runOnlyForDeploymentPostprocessing = 0;
			shellPath = /bin/sh;
			shellScript = "diff \"${PODS_PODFILE_DIR_PATH}/Podfile.lock\" \"${PODS_ROOT}/Manifest.lock\" > /dev/null\nif [ $? != 0 ] ; then\n    # print error to STDERR\n    echo \"error: The sandbox is not in sync with the Podfile.lock. Run 'pod install' or update your CocoaPods installation.\" >&2\n    exit 1\nfi\n# This output is used by Xcode 'outputs' to avoid re-running this script phase.\necho \"SUCCESS\" > \"${SCRIPT_OUTPUT_FILE_0}\"\n";
			showEnvVarsInLog = 0;
		};
/* End PBXShellScriptBuildPhase section */

/* Begin PBXSourcesBuildPhase section */
		BCB5E1322BF039D200C7ADB7 /* Sources */ = {
			isa = PBXSourcesBuildPhase;
			buildActionMask = 2147483647;
			files = (
				BCB5E15B2BF03E5400C7ADB7 /* RTBaseViewController.swift in Sources */,
				BCB5E1592BF03E2B00C7ADB7 /* RTTabbarController.swift in Sources */,
				BCB5E13A2BF039D200C7ADB7 /* AppDelegate.swift in Sources */,
				BCB5E13C2BF039D200C7ADB7 /* SceneDelegate.swift in Sources */,
				BCCA706A2C1D8B4C003989E1 /* RTAddStationController.swift in Sources */,
				140534392C15D27A0082D12D /* RTSearchStationTableViewCell.swift in Sources */,
				1405342E2C15A2860082D12D /* RTAPIStation.swift in Sources */,
				BCB5E1612BF03EAB00C7ADB7 /* RTSettingViewController.swift in Sources */,
				BCB5E15D2BF03E8300C7ADB7 /* RTHomeViewController.swift in Sources */,
				BCE6132A2C4C9D01002BB285 /* TextFieldWithClearButton.swift in Sources */,
				140534292C12571F0082D12D /* RTRadioAPI.swift in Sources */,
				BC8326CC2BF2B29D003C30D6 /* RTHomeCollectionViewCell.swift in Sources */,
				BCB5E1632BF059B800C7ADB7 /* RTBaseNavigationViewController.swift in Sources */,
				1405342B2C1597A70082D12D /* SearchViewController.swift in Sources */,
				FA4042672C0EBA8100B43F72 /* RTDatabaseManager.swift in Sources */,
				BC1F9DA72C06B456009A074F /* RTPlayingViewController.swift in Sources */,
				BC1F9DA52C06257B009A074F /* RTAudioPlayer.swift in Sources */,
				FA4042602C0EBA4200B43F72 /* RTFavoriteViewController.swift in Sources */,
				BC7FE0F62BF28000005C0B4C /* RTUtils.swift in Sources */,
				BC1BF0ED2C259A7200FBB828 /* ManualViewMoel.swift in Sources */,
				BC1F9DA92C06B4BF009A074F /* RTStationModel.swift in Sources */,
				AF7952282C1239F90093FE4A /* RTSleepTimerViewController.swift in Sources */,
				FA4042632C0EBA5500B43F72 /* RTFavoriteStationCell.swift in Sources */,
				99C4DAC72C180B4200499DFE /* RTLastPlayedStationManager.swift in Sources */,
				BC67D9242C0A179800A4D092 /* RTPlayerWidgetView.swift in Sources */,
				991550A52C13EB4E00DC804A /* RTAnimationUtility.swift in Sources */,
				BCCA70662C1D80AD003989E1 /* RTAddStationView.swift in Sources */,
			);
			runOnlyForDeploymentPostprocessing = 0;
		};
/* End PBXSourcesBuildPhase section */

/* Begin PBXVariantGroup section */
		BC67D93B2C0A1CDB00A4D092 /* Localizable.strings */ = {
			isa = PBXVariantGroup;
			children = (
				BC67D93A2C0A1CDB00A4D092 /* en */,
				BC67D93C2C0A1D2B00A4D092 /* zh-Hans */,
				BC67D93D2C0A1D4C00A4D092 /* fr */,
			);
			name = Localizable.strings;
			sourceTree = "<group>";
		};
		BCB5E13F2BF039D200C7ADB7 /* Main.storyboard */ = {
			isa = PBXVariantGroup;
			children = (
				BCB5E1402BF039D200C7ADB7 /* Base */,
				BC67D9332C0A1C8400A4D092 /* zh-Hans */,
				BC67D9352C0A1C8E00A4D092 /* fr */,
			);
			name = Main.storyboard;
			sourceTree = "<group>";
		};
		BCB5E1442BF039D500C7ADB7 /* LaunchScreen.storyboard */ = {
			isa = PBXVariantGroup;
			children = (
				BCB5E1452BF039D500C7ADB7 /* Base */,
				BC67D9342C0A1C8500A4D092 /* zh-Hans */,
				BC67D9362C0A1C8E00A4D092 /* fr */,
			);
			name = LaunchScreen.storyboard;
			sourceTree = "<group>";
		};
/* End PBXVariantGroup section */

/* Begin XCBuildConfiguration section */
		BCB5E1482BF039D500C7ADB7 /* Debug */ = {
			isa = XCBuildConfiguration;
			buildSettings = {
				ALWAYS_SEARCH_USER_PATHS = NO;
				ASSETCATALOG_COMPILER_GENERATE_SWIFT_ASSET_SYMBOL_EXTENSIONS = YES;
				CLANG_ANALYZER_LOCALIZABILITY_NONLOCALIZED = YES;
				CLANG_ANALYZER_NONNULL = YES;
				CLANG_ANALYZER_NUMBER_OBJECT_CONVERSION = YES_AGGRESSIVE;
				CLANG_CXX_LANGUAGE_STANDARD = "gnu++20";
				CLANG_ENABLE_MODULES = YES;
				CLANG_ENABLE_OBJC_ARC = YES;
				CLANG_ENABLE_OBJC_WEAK = YES;
				CLANG_WARN_BLOCK_CAPTURE_AUTORELEASING = YES;
				CLANG_WARN_BOOL_CONVERSION = YES;
				CLANG_WARN_COMMA = YES;
				CLANG_WARN_CONSTANT_CONVERSION = YES;
				CLANG_WARN_DEPRECATED_OBJC_IMPLEMENTATIONS = YES;
				CLANG_WARN_DIRECT_OBJC_ISA_USAGE = YES_ERROR;
				CLANG_WARN_DOCUMENTATION_COMMENTS = YES;
				CLANG_WARN_EMPTY_BODY = YES;
				CLANG_WARN_ENUM_CONVERSION = YES;
				CLANG_WARN_INFINITE_RECURSION = YES;
				CLANG_WARN_INT_CONVERSION = YES;
				CLANG_WARN_NON_LITERAL_NULL_CONVERSION = YES;
				CLANG_WARN_OBJC_IMPLICIT_RETAIN_SELF = YES;
				CLANG_WARN_OBJC_LITERAL_CONVERSION = YES;
				CLANG_WARN_OBJC_ROOT_CLASS = YES_ERROR;
				CLANG_WARN_QUOTED_INCLUDE_IN_FRAMEWORK_HEADER = YES;
				CLANG_WARN_RANGE_LOOP_ANALYSIS = YES;
				CLANG_WARN_STRICT_PROTOTYPES = YES;
				CLANG_WARN_SUSPICIOUS_MOVE = YES;
				CLANG_WARN_UNGUARDED_AVAILABILITY = YES_AGGRESSIVE;
				CLANG_WARN_UNREACHABLE_CODE = YES;
				CLANG_WARN__DUPLICATE_METHOD_MATCH = YES;
				COPY_PHASE_STRIP = NO;
				DEBUG_INFORMATION_FORMAT = dwarf;
				ENABLE_STRICT_OBJC_MSGSEND = YES;
				ENABLE_TESTABILITY = YES;
				ENABLE_USER_SCRIPT_SANDBOXING = YES;
				GCC_C_LANGUAGE_STANDARD = gnu17;
				GCC_DYNAMIC_NO_PIC = NO;
				GCC_NO_COMMON_BLOCKS = YES;
				GCC_OPTIMIZATION_LEVEL = 0;
				GCC_PREPROCESSOR_DEFINITIONS = (
					"DEBUG=1",
					"$(inherited)",
				);
				GCC_WARN_64_TO_32_BIT_CONVERSION = YES;
				GCC_WARN_ABOUT_RETURN_TYPE = YES_ERROR;
				GCC_WARN_UNDECLARED_SELECTOR = YES;
				GCC_WARN_UNINITIALIZED_AUTOS = YES_AGGRESSIVE;
				GCC_WARN_UNUSED_FUNCTION = YES;
				GCC_WARN_UNUSED_VARIABLE = YES;
				IPHONEOS_DEPLOYMENT_TARGET = 13.0;
				LOCALIZATION_PREFERS_STRING_CATALOGS = YES;
				MTL_ENABLE_DEBUG_INFO = INCLUDE_SOURCE;
				MTL_FAST_MATH = YES;
				ONLY_ACTIVE_ARCH = YES;
				SDKROOT = iphoneos;
				SWIFT_ACTIVE_COMPILATION_CONDITIONS = "DEBUG $(inherited)";
				SWIFT_OPTIMIZATION_LEVEL = "-Onone";
			};
			name = Debug;
		};
		BCB5E1492BF039D500C7ADB7 /* Release */ = {
			isa = XCBuildConfiguration;
			buildSettings = {
				ALWAYS_SEARCH_USER_PATHS = NO;
				ASSETCATALOG_COMPILER_GENERATE_SWIFT_ASSET_SYMBOL_EXTENSIONS = YES;
				CLANG_ANALYZER_LOCALIZABILITY_NONLOCALIZED = YES;
				CLANG_ANALYZER_NONNULL = YES;
				CLANG_ANALYZER_NUMBER_OBJECT_CONVERSION = YES_AGGRESSIVE;
				CLANG_CXX_LANGUAGE_STANDARD = "gnu++20";
				CLANG_ENABLE_MODULES = YES;
				CLANG_ENABLE_OBJC_ARC = YES;
				CLANG_ENABLE_OBJC_WEAK = YES;
				CLANG_WARN_BLOCK_CAPTURE_AUTORELEASING = YES;
				CLANG_WARN_BOOL_CONVERSION = YES;
				CLANG_WARN_COMMA = YES;
				CLANG_WARN_CONSTANT_CONVERSION = YES;
				CLANG_WARN_DEPRECATED_OBJC_IMPLEMENTATIONS = YES;
				CLANG_WARN_DIRECT_OBJC_ISA_USAGE = YES_ERROR;
				CLANG_WARN_DOCUMENTATION_COMMENTS = YES;
				CLANG_WARN_EMPTY_BODY = YES;
				CLANG_WARN_ENUM_CONVERSION = YES;
				CLANG_WARN_INFINITE_RECURSION = YES;
				CLANG_WARN_INT_CONVERSION = YES;
				CLANG_WARN_NON_LITERAL_NULL_CONVERSION = YES;
				CLANG_WARN_OBJC_IMPLICIT_RETAIN_SELF = YES;
				CLANG_WARN_OBJC_LITERAL_CONVERSION = YES;
				CLANG_WARN_OBJC_ROOT_CLASS = YES_ERROR;
				CLANG_WARN_QUOTED_INCLUDE_IN_FRAMEWORK_HEADER = YES;
				CLANG_WARN_RANGE_LOOP_ANALYSIS = YES;
				CLANG_WARN_STRICT_PROTOTYPES = YES;
				CLANG_WARN_SUSPICIOUS_MOVE = YES;
				CLANG_WARN_UNGUARDED_AVAILABILITY = YES_AGGRESSIVE;
				CLANG_WARN_UNREACHABLE_CODE = YES;
				CLANG_WARN__DUPLICATE_METHOD_MATCH = YES;
				COPY_PHASE_STRIP = NO;
				DEBUG_INFORMATION_FORMAT = "dwarf-with-dsym";
				ENABLE_NS_ASSERTIONS = NO;
				ENABLE_STRICT_OBJC_MSGSEND = YES;
				ENABLE_USER_SCRIPT_SANDBOXING = YES;
				GCC_C_LANGUAGE_STANDARD = gnu17;
				GCC_NO_COMMON_BLOCKS = YES;
				GCC_WARN_64_TO_32_BIT_CONVERSION = YES;
				GCC_WARN_ABOUT_RETURN_TYPE = YES_ERROR;
				GCC_WARN_UNDECLARED_SELECTOR = YES;
				GCC_WARN_UNINITIALIZED_AUTOS = YES_AGGRESSIVE;
				GCC_WARN_UNUSED_FUNCTION = YES;
				GCC_WARN_UNUSED_VARIABLE = YES;
				IPHONEOS_DEPLOYMENT_TARGET = 13.0;
				LOCALIZATION_PREFERS_STRING_CATALOGS = YES;
				MTL_ENABLE_DEBUG_INFO = NO;
				MTL_FAST_MATH = YES;
				SDKROOT = iphoneos;
				SWIFT_COMPILATION_MODE = wholemodule;
				VALIDATE_PRODUCT = YES;
			};
			name = Release;
		};
		BCB5E14B2BF039D500C7ADB7 /* Debug */ = {
			isa = XCBuildConfiguration;
			baseConfigurationReference = 97BC21A0D1E43FD086E5084C /* Pods-RadiantTune.debug.xcconfig */;
			buildSettings = {
				ASSETCATALOG_COMPILER_APPICON_NAME = AppIcon;
				ASSETCATALOG_COMPILER_GLOBAL_ACCENT_COLOR_NAME = AccentColor;
				CLANG_ENABLE_MODULES = YES;
				CODE_SIGN_STYLE = Automatic;
				CURRENT_PROJECT_VERSION = 1;
				DEVELOPMENT_TEAM = M53ML4GY86;
				ENABLE_USER_SCRIPT_SANDBOXING = NO;
				GENERATE_INFOPLIST_FILE = YES;
				INFOPLIST_FILE = RadiantTune/Info.plist;
				INFOPLIST_KEY_UIApplicationSupportsIndirectInputEvents = YES;
				INFOPLIST_KEY_UILaunchStoryboardName = LaunchScreen;
				INFOPLIST_KEY_UIMainStoryboardFile = Main;
				INFOPLIST_KEY_UISupportedInterfaceOrientations = UIInterfaceOrientationPortrait;
				IPHONEOS_DEPLOYMENT_TARGET = 15.0;
				LD_RUNPATH_SEARCH_PATHS = (
					"$(inherited)",
					"@executable_path/Frameworks",
				);
				MARKETING_VERSION = 1.0;
				PRODUCT_BUNDLE_IDENTIFIER = com.example.leledu.RadiantTune;
				PRODUCT_NAME = "$(TARGET_NAME)";
				SUPPORTED_PLATFORMS = "iphoneos iphonesimulator";
				SUPPORTS_MACCATALYST = NO;
				SUPPORTS_MAC_DESIGNED_FOR_IPHONE_IPAD = NO;
				SUPPORTS_XR_DESIGNED_FOR_IPHONE_IPAD = NO;
				SWIFT_EMIT_LOC_STRINGS = YES;
				SWIFT_OBJC_BRIDGING_HEADER = "RadiantTune/Utils/RadiantTune-Bridging-Header.h";
				SWIFT_OPTIMIZATION_LEVEL = "-Onone";
				SWIFT_VERSION = 5.0;
				TARGETED_DEVICE_FAMILY = "1,2";
			};
			name = Debug;
		};
		BCB5E14C2BF039D500C7ADB7 /* Release */ = {
			isa = XCBuildConfiguration;
			baseConfigurationReference = AFCB1C3D86C2AFC9B30862EF /* Pods-RadiantTune.release.xcconfig */;
			buildSettings = {
				ASSETCATALOG_COMPILER_APPICON_NAME = AppIcon;
				ASSETCATALOG_COMPILER_GLOBAL_ACCENT_COLOR_NAME = AccentColor;
				CLANG_ENABLE_MODULES = YES;
				CODE_SIGN_STYLE = Automatic;
				CURRENT_PROJECT_VERSION = 1;
				DEVELOPMENT_TEAM = M53ML4GY86;
				ENABLE_USER_SCRIPT_SANDBOXING = NO;
				GENERATE_INFOPLIST_FILE = YES;
				INFOPLIST_FILE = RadiantTune/Info.plist;
				INFOPLIST_KEY_UIApplicationSupportsIndirectInputEvents = YES;
				INFOPLIST_KEY_UILaunchStoryboardName = LaunchScreen;
				INFOPLIST_KEY_UIMainStoryboardFile = Main;
				INFOPLIST_KEY_UISupportedInterfaceOrientations = UIInterfaceOrientationPortrait;
				IPHONEOS_DEPLOYMENT_TARGET = 15.0;
				LD_RUNPATH_SEARCH_PATHS = (
					"$(inherited)",
					"@executable_path/Frameworks",
				);
				MARKETING_VERSION = 1.0;
				PRODUCT_BUNDLE_IDENTIFIER = com.example.leledu.RadiantTune;
				PRODUCT_NAME = "$(TARGET_NAME)";
				SUPPORTED_PLATFORMS = "iphoneos iphonesimulator";
				SUPPORTS_MACCATALYST = NO;
				SUPPORTS_MAC_DESIGNED_FOR_IPHONE_IPAD = NO;
				SUPPORTS_XR_DESIGNED_FOR_IPHONE_IPAD = NO;
				SWIFT_EMIT_LOC_STRINGS = YES;
				SWIFT_OBJC_BRIDGING_HEADER = "RadiantTune/Utils/RadiantTune-Bridging-Header.h";
				SWIFT_VERSION = 5.0;
				TARGETED_DEVICE_FAMILY = "1,2";
			};
			name = Release;
		};
/* End XCBuildConfiguration section */

/* Begin XCConfigurationList section */
		BCB5E1312BF039D200C7ADB7 /* Build configuration list for PBXProject "RadiantTune" */ = {
			isa = XCConfigurationList;
			buildConfigurations = (
				BCB5E1482BF039D500C7ADB7 /* Debug */,
				BCB5E1492BF039D500C7ADB7 /* Release */,
			);
			defaultConfigurationIsVisible = 0;
			defaultConfigurationName = Release;
		};
		BCB5E14A2BF039D500C7ADB7 /* Build configuration list for PBXNativeTarget "RadiantTune" */ = {
			isa = XCConfigurationList;
			buildConfigurations = (
				BCB5E14B2BF039D500C7ADB7 /* Debug */,
				BCB5E14C2BF039D500C7ADB7 /* Release */,
			);
			defaultConfigurationIsVisible = 0;
			defaultConfigurationName = Release;
		};
/* End XCConfigurationList section */

/* Begin XCRemoteSwiftPackageReference section */
		1400CC382C4D7BB200B6BD2F /* XCRemoteSwiftPackageReference "OptionallyDecodable" */ = {
			isa = XCRemoteSwiftPackageReference;
			repositoryURL = "https://github.com/idrougge/OptionallyDecodable.git";
			requirement = {
				kind = upToNextMajorVersion;
				minimumVersion = 1.2.0;
			};
		};
/* End XCRemoteSwiftPackageReference section */

/* Begin XCSwiftPackageProductDependency section */
		1400CC392C4D7BB200B6BD2F /* OptionallyDecodable */ = {
			isa = XCSwiftPackageProductDependency;
			package = 1400CC382C4D7BB200B6BD2F /* XCRemoteSwiftPackageReference "OptionallyDecodable" */;
			productName = OptionallyDecodable;
		};
/* End XCSwiftPackageProductDependency section */
	};
	rootObject = BCB5E12E2BF039D200C7ADB7 /* Project object */;
}
