{
  "originHash" : "4e2ff2f97a9dc8d30af628b30f185958282c484c2af835a8328d62891653f353",
  "pins" : [
    {
      "identity" : "optionallydecodable",
      "kind" : "remoteSourceControl",
      "location" : "https://github.com/idrougge/OptionallyDecodable.git",
      "state" : {
        "revision" : "0171cdf9e90233c68302b95fb6063f2f7279b031",
        "version" : "1.2.0"
      }
    }
  ],
  "version" : 3
}
